
Microsoft Visual Studio Solution File, Format Version 12.00
# Visual Studio Version 16
VisualStudioVersion = 16.0.30611.23
MinimumVisualStudioVersion = 10.0.40219.1
Project("{FAE04EC0-301F-11D3-BF4B-00C04F79EFBC}") = "MysampleWebAPIApp", "MysampleWebAPIApp\MysampleWebAPIApp.csproj", "{D067FF06-6D16-467E-8FCE-5B9EA5999857}"
EndProject
Global
	GlobalSection(SolutionConfigurationPlatforms) = preSolution
		Debug|Any CPU = Debug|Any CPU
		Release|Any CPU = Release|Any CPU
	EndGlobalSection
	GlobalSection(ProjectConfigurationPlatforms) = postSolution
		{D067FF06-6D16-467E-8FCE-5B9EA5999857}.Debug|Any CPU.ActiveCfg = Debug|Any CPU
		{D067FF06-6D16-467E-8FCE-5B9EA5999857}.Debug|Any CPU.Build.0 = Debug|Any CPU
		{D067FF06-6D16-467E-8FCE-5B9EA5999857}.Release|Any CPU.ActiveCfg = Release|Any CPU
		{D067FF06-6D16-467E-8FCE-5B9EA5999857}.Release|Any CPU.Build.0 = Release|Any CPU
	EndGlobalSection
	GlobalSection(SolutionProperties) = preSolution
		HideSolutionNode = FALSE
	EndGlobalSection
	GlobalSection(ExtensibilityGlobals) = postSolution
		SolutionGuid = {6EB97C8E-16C9-450B-BF7F-E88AEF44AD00}
	EndGlobalSection
EndGlobal
